
Microsoft Visual Studio Solution File, Format Version 12.00
# Visual Studio Version 16
VisualStudioVersion = 16.0.30804.86
MinimumVisualStudioVersion = 10.0.40219.1
Project("{9A19103F-16F7-4668-BE54-9A1E7A4F7556}") = "PracticingDifferentFeatures", "PracticingDifferentFeatures\PracticingDifferentFeatures.csproj", "{7C4284A6-B82C-4D37-BC8A-2E2408C9B580}"
EndProject
Project("{9A19103F-16F7-4668-BE54-9A1E7A4F7556}") = "MiniGame", "MiniGame\MiniGame.csproj", "{B1EA4D4C-D82A-4E47-AEB8-F56CD0E4887D}"
EndProject
Project("{9A19103F-16F7-4668-BE54-9A1E7A4F7556}") = "YearlyTransportSystemJagged", "YearlyTransportSystemJagged\YearlyTransportSystemJagged.csproj", "{DD0EEAB8-2776-4D80-AD5A-7B44F5F857BA}"
EndProject
Project("{9A19103F-16F7-4668-BE54-9A1E7A4F7556}") = "SelectionSort", "SelectionSort\SelectionSort.csproj", "{DB482599-037F-4E62-B9E6-F3C8CD365C0A}"
EndProject
Project("{9A19103F-16F7-4668-BE54-9A1E7A4F7556}") = "InsertionSort", "InsertionSort\InsertionSort.csproj", "{2CA36B69-46EC-4861-A568-707DFD9C506F}"
EndProject
Project("{9A19103F-16F7-4668-BE54-9A1E7A4F7556}") = "BubbleSort", "BubbleSort\BubbleSort.csproj", "{612DDF58-168D-4833-BC2F-EFD6E41F999A}"
EndProject
Project("{9A19103F-16F7-4668-BE54-9A1E7A4F7556}") = "QuickSort", "QuickSort\QuickSort.csproj", "{7AD4EC28-C8F5-4912-A650-823784EC1C0F}"
EndProject
Project("{9A19103F-16F7-4668-BE54-9A1E7A4F7556}") = "SimpleLists", "SimpleLists\SimpleLists.csproj", "{6B18A40D-3EF4-4A9D-8602-3345C0EB85E1}"
EndProject
Project("{9A19103F-16F7-4668-BE54-9A1E7A4F7556}") = "StacksAndQueues", "StacksAndQueues\StacksAndQueues.csproj", "{3FBF4950-09E4-40DF-B105-717BAD462C93}"
EndProject
Project("{9A19103F-16F7-4668-BE54-9A1E7A4F7556}") = "HashSetAndDictionary", "PhoneBook\HashSetAndDictionary.csproj", "{03E09DC9-56A7-4712-9CA5-978B55E22709}"
EndProject
Project("{9A19103F-16F7-4668-BE54-9A1E7A4F7556}") = "HashSetSPAExample", "HashSetSPAExample\HashSetSPAExample.csproj", "{1A3F46AE-3640-46C7-807E-CDFE08888160}"
EndProject
Project("{FAE04EC0-301F-11D3-BF4B-00C04F79EFBC}") = "Trees", "Trees\Trees.csproj", "{D470DE02-0616-4F3B-BED1-E3392839D087}"
EndProject
Project("{FAE04EC0-301F-11D3-BF4B-00C04F79EFBC}") = "BinaryTree", "BinaryTree\BinaryTree.csproj", "{5CC1B66A-C329-4DCD-9783-54A8F7247519}"
EndProject
Global
	GlobalSection(SolutionConfigurationPlatforms) = preSolution
		Debug|Any CPU = Debug|Any CPU
		Release|Any CPU = Release|Any CPU
	EndGlobalSection
	GlobalSection(ProjectConfigurationPlatforms) = postSolution
		{7C4284A6-B82C-4D37-BC8A-2E2408C9B580}.Debug|Any CPU.ActiveCfg = Debug|Any CPU
		{7C4284A6-B82C-4D37-BC8A-2E2408C9B580}.Debug|Any CPU.Build.0 = Debug|Any CPU
		{7C4284A6-B82C-4D37-BC8A-2E2408C9B580}.Release|Any CPU.ActiveCfg = Release|Any CPU
		{7C4284A6-B82C-4D37-BC8A-2E2408C9B580}.Release|Any CPU.Build.0 = Release|Any CPU
		{B1EA4D4C-D82A-4E47-AEB8-F56CD0E4887D}.Debug|Any CPU.ActiveCfg = Debug|Any CPU
		{B1EA4D4C-D82A-4E47-AEB8-F56CD0E4887D}.Debug|Any CPU.Build.0 = Debug|Any CPU
		{B1EA4D4C-D82A-4E47-AEB8-F56CD0E4887D}.Release|Any CPU.ActiveCfg = Release|Any CPU
		{B1EA4D4C-D82A-4E47-AEB8-F56CD0E4887D}.Release|Any CPU.Build.0 = Release|Any CPU
		{DD0EEAB8-2776-4D80-AD5A-7B44F5F857BA}.Debug|Any CPU.ActiveCfg = Debug|Any CPU
		{DD0EEAB8-2776-4D80-AD5A-7B44F5F857BA}.Debug|Any CPU.Build.0 = Debug|Any CPU
		{DD0EEAB8-2776-4D80-AD5A-7B44F5F857BA}.Release|Any CPU.ActiveCfg = Release|Any CPU
		{DD0EEAB8-2776-4D80-AD5A-7B44F5F857BA}.Release|Any CPU.Build.0 = Release|Any CPU
		{DB482599-037F-4E62-B9E6-F3C8CD365C0A}.Debug|Any CPU.ActiveCfg = Debug|Any CPU
		{DB482599-037F-4E62-B9E6-F3C8CD365C0A}.Debug|Any CPU.Build.0 = Debug|Any CPU
		{DB482599-037F-4E62-B9E6-F3C8CD365C0A}.Release|Any CPU.ActiveCfg = Release|Any CPU
		{DB482599-037F-4E62-B9E6-F3C8CD365C0A}.Release|Any CPU.Build.0 = Release|Any CPU
		{2CA36B69-46EC-4861-A568-707DFD9C506F}.Debug|Any CPU.ActiveCfg = Debug|Any CPU
		{2CA36B69-46EC-4861-A568-707DFD9C506F}.Debug|Any CPU.Build.0 = Debug|Any CPU
		{2CA36B69-46EC-4861-A568-707DFD9C506F}.Release|Any CPU.ActiveCfg = Release|Any CPU
		{2CA36B69-46EC-4861-A568-707DFD9C506F}.Release|Any CPU.Build.0 = Release|Any CPU
		{612DDF58-168D-4833-BC2F-EFD6E41F999A}.Debug|Any CPU.ActiveCfg = Debug|Any CPU
		{612DDF58-168D-4833-BC2F-EFD6E41F999A}.Debug|Any CPU.Build.0 = Debug|Any CPU
		{612DDF58-168D-4833-BC2F-EFD6E41F999A}.Release|Any CPU.ActiveCfg = Release|Any CPU
		{612DDF58-168D-4833-BC2F-EFD6E41F999A}.Release|Any CPU.Build.0 = Release|Any CPU
		{7AD4EC28-C8F5-4912-A650-823784EC1C0F}.Debug|Any CPU.ActiveCfg = Debug|Any CPU
		{7AD4EC28-C8F5-4912-A650-823784EC1C0F}.Debug|Any CPU.Build.0 = Debug|Any CPU
		{7AD4EC28-C8F5-4912-A650-823784EC1C0F}.Release|Any CPU.ActiveCfg = Release|Any CPU
		{7AD4EC28-C8F5-4912-A650-823784EC1C0F}.Release|Any CPU.Build.0 = Release|Any CPU
		{6B18A40D-3EF4-4A9D-8602-3345C0EB85E1}.Debug|Any CPU.ActiveCfg = Debug|Any CPU
		{6B18A40D-3EF4-4A9D-8602-3345C0EB85E1}.Debug|Any CPU.Build.0 = Debug|Any CPU
		{6B18A40D-3EF4-4A9D-8602-3345C0EB85E1}.Release|Any CPU.ActiveCfg = Release|Any CPU
		{6B18A40D-3EF4-4A9D-8602-3345C0EB85E1}.Release|Any CPU.Build.0 = Release|Any CPU
		{3FBF4950-09E4-40DF-B105-717BAD462C93}.Debug|Any CPU.ActiveCfg = Debug|Any CPU
		{3FBF4950-09E4-40DF-B105-717BAD462C93}.Debug|Any CPU.Build.0 = Debug|Any CPU
		{3FBF4950-09E4-40DF-B105-717BAD462C93}.Release|Any CPU.ActiveCfg = Release|Any CPU
		{3FBF4950-09E4-40DF-B105-717BAD462C93}.Release|Any CPU.Build.0 = Release|Any CPU
		{03E09DC9-56A7-4712-9CA5-978B55E22709}.Debug|Any CPU.ActiveCfg = Debug|Any CPU
		{03E09DC9-56A7-4712-9CA5-978B55E22709}.Debug|Any CPU.Build.0 = Debug|Any CPU
		{03E09DC9-56A7-4712-9CA5-978B55E22709}.Release|Any CPU.ActiveCfg = Release|Any CPU
		{03E09DC9-56A7-4712-9CA5-978B55E22709}.Release|Any CPU.Build.0 = Release|Any CPU
		{1A3F46AE-3640-46C7-807E-CDFE08888160}.Debug|Any CPU.ActiveCfg = Debug|Any CPU
		{1A3F46AE-3640-46C7-807E-CDFE08888160}.Debug|Any CPU.Build.0 = Debug|Any CPU
		{1A3F46AE-3640-46C7-807E-CDFE08888160}.Release|Any CPU.ActiveCfg = Release|Any CPU
		{1A3F46AE-3640-46C7-807E-CDFE08888160}.Release|Any CPU.Build.0 = Release|Any CPU
		{D470DE02-0616-4F3B-BED1-E3392839D087}.Debug|Any CPU.ActiveCfg = Debug|Any CPU
		{D470DE02-0616-4F3B-BED1-E3392839D087}.Debug|Any CPU.Build.0 = Debug|Any CPU
		{D470DE02-0616-4F3B-BED1-E3392839D087}.Release|Any CPU.ActiveCfg = Release|Any CPU
		{D470DE02-0616-4F3B-BED1-E3392839D087}.Release|Any CPU.Build.0 = Release|Any CPU
		{5CC1B66A-C329-4DCD-9783-54A8F7247519}.Debug|Any CPU.ActiveCfg = Debug|Any CPU
		{5CC1B66A-C329-4DCD-9783-54A8F7247519}.Debug|Any CPU.Build.0 = Debug|Any CPU
		{5CC1B66A-C329-4DCD-9783-54A8F7247519}.Release|Any CPU.ActiveCfg = Release|Any CPU
		{5CC1B66A-C329-4DCD-9783-54A8F7247519}.Release|Any CPU.Build.0 = Release|Any CPU
	EndGlobalSection
	GlobalSection(SolutionProperties) = preSolution
		HideSolutionNode = FALSE
	EndGlobalSection
	GlobalSection(ExtensibilityGlobals) = postSolution
		SolutionGuid = {13B3BD5A-F34E-4551-9909-C0AD4FAF151D}
	EndGlobalSection
EndGlobal
